Microsoft Visual Studio Solution File, Format Version 12.00
# Visual Studio Version 17
VisualStudioVersion = 17.5.2.0
MinimumVisualStudioVersion = 10.0.40219.1
Project("{FAE04EC0-301F-11D3-BF4B-00C04F79EFBC}") = "CourseraAPIProject", "CourseraAPIProject.csproj", "{24557157-43F8-22F4-8B3D-30F59BFE1FEC}"
EndProject
Global
	GlobalSection(SolutionConfigurationPlatforms) = preSolution
		Debug|Any CPU = Debug|Any CPU
		Release|Any CPU = Release|Any CPU
	EndGlobalSection
	GlobalSection(ProjectConfigurationPlatforms) = postSolution
		{24557157-43F8-22F4-8B3D-30F59BFE1FEC}.Debug|Any CPU.ActiveCfg = Debug|Any CPU
		{24557157-43F8-22F4-8B3D-30F59BFE1FEC}.Debug|Any CPU.Build.0 = Debug|Any CPU
		{24557157-43F8-22F4-8B3D-30F59BFE1FEC}.Release|Any CPU.ActiveCfg = Release|Any CPU
		{24557157-43F8-22F4-8B3D-30F59BFE1FEC}.Release|Any CPU.Build.0 = Release|Any CPU
	EndGlobalSection
	GlobalSection(SolutionProperties) = preSolution
		HideSolutionNode = FALSE
	EndGlobalSection
	GlobalSection(ExtensibilityGlobals) = postSolution
		SolutionGuid = {B4564DF5-B9B3-4A42-A32B-58258443CE45}
	EndGlobalSection
EndGlobal
